
Microsoft Visual Studio Solution File, Format Version 12.00
Project("{2150E333-8FDC-42A3-9474-1A3956D46DE8}") = "Auth", "Auth", "{65A44FEE-B844-411B-A335-9296825682D4}"
EndProject
Project("{FAE04EC0-301F-11D3-BF4B-00C04F79EFBC}") = "IdentityProvider", "IdentityProvider\IdentityProvider.csproj", "{6BC36141-3CCE-4F12-A7DE-B1294BA39CD8}"
EndProject
Project("{2150E333-8FDC-42A3-9474-1A3956D46DE8}") = "Solution Items", "Solution Items", "{92351B50-355F-4063-9927-6B9BBE97C9E0}"
	ProjectSection(SolutionItems) = preProject
		docker-compose.yml = docker-compose.yml
	EndProjectSection
EndProject
Project("{FAE04EC0-301F-11D3-BF4B-00C04F79EFBC}") = "IdentityProvider.Infrastructure", "IdentityProvider.Infrastructure\IdentityProvider.Infrastructure.csproj", "{735505EF-AE6B-4F87-89DF-3EBD5C5AB07F}"
EndProject
Project("{2150E333-8FDC-42A3-9474-1A3956D46DE8}") = "Shared", "Shared", "{0EBE1F96-F6A9-4BEC-AFF5-EE6B7B4B3DEE}"
EndProject
Project("{2150E333-8FDC-42A3-9474-1A3956D46DE8}") = "Shared.Infrastructure", "Shared.Infrastructure", "{A893F441-D8E5-4AF1-ADEA-56C5FBC521BD}"
EndProject
Project("{FAE04EC0-301F-11D3-BF4B-00C04F79EFBC}") = "Shared.Infrastructure.Db", "Shared.Infrastructure.Db\Shared.Infrastructure.Db.csproj", "{F16BFC0C-31C8-43BF-9958-E515F9842D27}"
EndProject
Project("{FAE04EC0-301F-11D3-BF4B-00C04F79EFBC}") = "Shared.UtconnectIdentity", "Shared.UtconnectIdentity\Shared.UtconnectIdentity.csproj", "{7B709644-D557-47FA-BB56-0C4EFF5DCEFF}"
EndProject
Project("{FAE04EC0-301F-11D3-BF4B-00C04F79EFBC}") = "Shared.Logging", "Shared.Logging\Shared.Logging.csproj", "{F06CF13A-B657-4745-ACB7-9833DADB39AF}"
EndProject
Project("{2150E333-8FDC-42A3-9474-1A3956D46DE8}") = "Shared.Application", "Shared.Application", "{0B4C2991-61C7-4089-9F17-AEFCF7F9D898}"
EndProject
Project("{FAE04EC0-301F-11D3-BF4B-00C04F79EFBC}") = "Shared.Application.Extensions", "Shared.Application.Extensions\Shared.Application.Extensions.csproj", "{40A01CA2-8D70-4EE8-B4B2-C30BFB3BD29F}"
EndProject
Project("{FAE04EC0-301F-11D3-BF4B-00C04F79EFBC}") = "Shared.Application.Exceptions", "Shared.Application.Exceptions\Shared.Application.Exceptions.csproj", "{66E44767-86CF-4239-8B91-97006BFED959}"
EndProject
Project("{FAE04EC0-301F-11D3-BF4B-00C04F79EFBC}") = "Shared.Swashbuckle", "Shared.Swashbuckle\Shared.Swashbuckle.csproj", "{237190EC-6BCD-434F-B78D-A8F8262E8A3F}"
EndProject
Project("{FAE04EC0-301F-11D3-BF4B-00C04F79EFBC}") = "Shared.Presentation", "Shared.Presentation\Shared.Presentation.csproj", "{E49D2128-61C0-4D34-9734-D668668EABD0}"
EndProject
Project("{FAE04EC0-301F-11D3-BF4B-00C04F79EFBC}") = "IdentityProvider.Domain", "IdentityProvider.Domain\IdentityProvider.Domain.csproj", "{E90B1048-E84E-413E-87F1-476ACA7F8823}"
EndProject
Project("{2150E333-8FDC-42A3-9474-1A3956D46DE8}") = "Gateway", "Gateway", "{41EC9A14-126E-4989-8880-5B4CE46FAB13}"
EndProject
Project("{FAE04EC0-301F-11D3-BF4B-00C04F79EFBC}") = "Gateway.Presentation", "Gateway.Presentation\Gateway.Presentation.csproj", "{737522E6-5D20-442C-B45A-DB2298E7C4F8}"
EndProject
Project("{2150E333-8FDC-42A3-9474-1A3956D46DE8}") = "Esm", "Esm", "{22015F34-2832-4360-90CF-7F9AA4592FDA}"
EndProject
Project("{FAE04EC0-301F-11D3-BF4B-00C04F79EFBC}") = "Esm.Domain", "Esm.Domain\Esm.Domain.csproj", "{09909B00-F301-47C1-A41B-24449C449AFD}"
EndProject
Project("{FAE04EC0-301F-11D3-BF4B-00C04F79EFBC}") = "Esm.Infrastructure", "Esm.Infrastructure\Esm.Infrastructure.csproj", "{1B029358-3E67-4D53-8507-1D099F057BA2}"
EndProject
Project("{FAE04EC0-301F-11D3-BF4B-00C04F79EFBC}") = "Shared.Domain", "Shared.Domain\Shared.Domain.csproj", "{B8177584-DE10-437A-ACE5-F5925A2CF0EE}"
EndProject
Project("{FAE04EC0-301F-11D3-BF4B-00C04F79EFBC}") = "Esm.Presentation", "Esm.Presentation\Esm.Presentation.csproj", "{CADD6A73-76F5-4075-A896-F854CED99E47}"
EndProject
Project("{2150E333-8FDC-42A3-9474-1A3956D46DE8}") = "Oidc", "Oidc", "{124983F4-CE8E-46AB-BE6D-A425D2022AF7}"
EndProject
Project("{FAE04EC0-301F-11D3-BF4B-00C04F79EFBC}") = "Oidc.Presentation", "Oidc.Presentation\Oidc.Presentation.csproj", "{EF9AAD72-0410-44D4-BA42-79D5D7D57C8F}"
EndProject
Project("{FAE04EC0-301F-11D3-BF4B-00C04F79EFBC}") = "Oidc.Infrastructure", "Oidc.Infrastructure\Oidc.Infrastructure.csproj", "{02BE477B-ABAE-4F0D-9450-0811D99605DE}"
EndProject
Project("{FAE04EC0-301F-11D3-BF4B-00C04F79EFBC}") = "Shared.Application.Localization", "Shared.Application.Localization\Shared.Application.Localization.csproj", "{B443D3D5-B210-4A0E-8E59-AE77539D495A}"
EndProject
Project("{2150E333-8FDC-42A3-9474-1A3956D46DE8}") = "Home", "Home", "{2BB1F401-32E0-4A68-B86B-A165E2954C24}"
EndProject
Project("{FAE04EC0-301F-11D3-BF4B-00C04F79EFBC}") = "Home.Presentation", "Home.Presentation\Home.Presentation.csproj", "{55B59BE9-C7FD-4C08-8EC8-4E744923EE40}"
EndProject
Project("{FAE04EC0-301F-11D3-BF4B-00C04F79EFBC}") = "Shared.Application.Configuration", "Shared.Application.Configuration\Shared.Application.Configuration.csproj", "{9244ACE7-8BE5-426D-A25F-171906157EAC}"
EndProject
Project("{FAE04EC0-301F-11D3-BF4B-00C04F79EFBC}") = "IdentityProvider.Application", "IdentityProvider.Application\IdentityProvider.Application.csproj", "{683BBC9E-09AC-4850-8D3B-85C3E6771A44}"
EndProject
Project("{FAE04EC0-301F-11D3-BF4B-00C04F79EFBC}") = "Oidc.Domain", "Oidc.Domain\Oidc.Domain.csproj", "{A3526A62-E759-4C55-866D-372AB2CF4CAC}"
EndProject
Project("{FAE04EC0-301F-11D3-BF4B-00C04F79EFBC}") = "Shared.Http", "Shared.Http\Shared.Http.csproj", "{B06D20C2-F2DD-4297-AF44-0FC1FB035556}"
EndProject
Project("{FAE04EC0-301F-11D3-BF4B-00C04F79EFBC}") = "Shared.Authentication", "Shared.Authentication\Shared.Authentication.csproj", "{B36DA831-6A53-4735-BC6A-704EFA0870EB}"
EndProject
Global
	GlobalSection(SolutionConfigurationPlatforms) = preSolution
		Debug|Any CPU = Debug|Any CPU
		Release|Any CPU = Release|Any CPU
	EndGlobalSection
	GlobalSection(NestedProjects) = preSolution
		{6BC36141-3CCE-4F12-A7DE-B1294BA39CD8} = {65A44FEE-B844-411B-A335-9296825682D4}
		{735505EF-AE6B-4F87-89DF-3EBD5C5AB07F} = {65A44FEE-B844-411B-A335-9296825682D4}
		{A893F441-D8E5-4AF1-ADEA-56C5FBC521BD} = {0EBE1F96-F6A9-4BEC-AFF5-EE6B7B4B3DEE}
		{F16BFC0C-31C8-43BF-9958-E515F9842D27} = {A893F441-D8E5-4AF1-ADEA-56C5FBC521BD}
		{7B709644-D557-47FA-BB56-0C4EFF5DCEFF} = {0EBE1F96-F6A9-4BEC-AFF5-EE6B7B4B3DEE}
		{F06CF13A-B657-4745-ACB7-9833DADB39AF} = {0EBE1F96-F6A9-4BEC-AFF5-EE6B7B4B3DEE}
		{0B4C2991-61C7-4089-9F17-AEFCF7F9D898} = {0EBE1F96-F6A9-4BEC-AFF5-EE6B7B4B3DEE}
		{40A01CA2-8D70-4EE8-B4B2-C30BFB3BD29F} = {0B4C2991-61C7-4089-9F17-AEFCF7F9D898}
		{66E44767-86CF-4239-8B91-97006BFED959} = {0B4C2991-61C7-4089-9F17-AEFCF7F9D898}
		{237190EC-6BCD-434F-B78D-A8F8262E8A3F} = {0EBE1F96-F6A9-4BEC-AFF5-EE6B7B4B3DEE}
		{E49D2128-61C0-4D34-9734-D668668EABD0} = {0EBE1F96-F6A9-4BEC-AFF5-EE6B7B4B3DEE}
		{E90B1048-E84E-413E-87F1-476ACA7F8823} = {65A44FEE-B844-411B-A335-9296825682D4}
		{737522E6-5D20-442C-B45A-DB2298E7C4F8} = {41EC9A14-126E-4989-8880-5B4CE46FAB13}
		{09909B00-F301-47C1-A41B-24449C449AFD} = {22015F34-2832-4360-90CF-7F9AA4592FDA}
		{1B029358-3E67-4D53-8507-1D099F057BA2} = {22015F34-2832-4360-90CF-7F9AA4592FDA}
		{B8177584-DE10-437A-ACE5-F5925A2CF0EE} = {0EBE1F96-F6A9-4BEC-AFF5-EE6B7B4B3DEE}
		{CADD6A73-76F5-4075-A896-F854CED99E47} = {22015F34-2832-4360-90CF-7F9AA4592FDA}
		{EF9AAD72-0410-44D4-BA42-79D5D7D57C8F} = {124983F4-CE8E-46AB-BE6D-A425D2022AF7}
		{02BE477B-ABAE-4F0D-9450-0811D99605DE} = {124983F4-CE8E-46AB-BE6D-A425D2022AF7}
		{B443D3D5-B210-4A0E-8E59-AE77539D495A} = {0B4C2991-61C7-4089-9F17-AEFCF7F9D898}
		{55B59BE9-C7FD-4C08-8EC8-4E744923EE40} = {2BB1F401-32E0-4A68-B86B-A165E2954C24}
		{9244ACE7-8BE5-426D-A25F-171906157EAC} = {0B4C2991-61C7-4089-9F17-AEFCF7F9D898}
		{683BBC9E-09AC-4850-8D3B-85C3E6771A44} = {65A44FEE-B844-411B-A335-9296825682D4}
		{A3526A62-E759-4C55-866D-372AB2CF4CAC} = {124983F4-CE8E-46AB-BE6D-A425D2022AF7}
		{B06D20C2-F2DD-4297-AF44-0FC1FB035556} = {0EBE1F96-F6A9-4BEC-AFF5-EE6B7B4B3DEE}
		{B36DA831-6A53-4735-BC6A-704EFA0870EB} = {0EBE1F96-F6A9-4BEC-AFF5-EE6B7B4B3DEE}
	EndGlobalSection
	GlobalSection(ProjectConfigurationPlatforms) = postSolution
		{6BC36141-3CCE-4F12-A7DE-B1294BA39CD8}.Debug|Any CPU.ActiveCfg = Debug|Any CPU
		{6BC36141-3CCE-4F12-A7DE-B1294BA39CD8}.Debug|Any CPU.Build.0 = Debug|Any CPU
		{6BC36141-3CCE-4F12-A7DE-B1294BA39CD8}.Release|Any CPU.ActiveCfg = Release|Any CPU
		{6BC36141-3CCE-4F12-A7DE-B1294BA39CD8}.Release|Any CPU.Build.0 = Release|Any CPU
		{735505EF-AE6B-4F87-89DF-3EBD5C5AB07F}.Debug|Any CPU.ActiveCfg = Debug|Any CPU
		{735505EF-AE6B-4F87-89DF-3EBD5C5AB07F}.Debug|Any CPU.Build.0 = Debug|Any CPU
		{735505EF-AE6B-4F87-89DF-3EBD5C5AB07F}.Release|Any CPU.ActiveCfg = Release|Any CPU
		{735505EF-AE6B-4F87-89DF-3EBD5C5AB07F}.Release|Any CPU.Build.0 = Release|Any CPU
		{F16BFC0C-31C8-43BF-9958-E515F9842D27}.Debug|Any CPU.ActiveCfg = Debug|Any CPU
		{F16BFC0C-31C8-43BF-9958-E515F9842D27}.Debug|Any CPU.Build.0 = Debug|Any CPU
		{F16BFC0C-31C8-43BF-9958-E515F9842D27}.Release|Any CPU.ActiveCfg = Release|Any CPU
		{F16BFC0C-31C8-43BF-9958-E515F9842D27}.Release|Any CPU.Build.0 = Release|Any CPU
		{7B709644-D557-47FA-BB56-0C4EFF5DCEFF}.Debug|Any CPU.ActiveCfg = Debug|Any CPU
		{7B709644-D557-47FA-BB56-0C4EFF5DCEFF}.Debug|Any CPU.Build.0 = Debug|Any CPU
		{7B709644-D557-47FA-BB56-0C4EFF5DCEFF}.Release|Any CPU.ActiveCfg = Release|Any CPU
		{7B709644-D557-47FA-BB56-0C4EFF5DCEFF}.Release|Any CPU.Build.0 = Release|Any CPU
		{F06CF13A-B657-4745-ACB7-9833DADB39AF}.Debug|Any CPU.ActiveCfg = Debug|Any CPU
		{F06CF13A-B657-4745-ACB7-9833DADB39AF}.Debug|Any CPU.Build.0 = Debug|Any CPU
		{F06CF13A-B657-4745-ACB7-9833DADB39AF}.Release|Any CPU.ActiveCfg = Release|Any CPU
		{F06CF13A-B657-4745-ACB7-9833DADB39AF}.Release|Any CPU.Build.0 = Release|Any CPU
		{40A01CA2-8D70-4EE8-B4B2-C30BFB3BD29F}.Debug|Any CPU.ActiveCfg = Debug|Any CPU
		{40A01CA2-8D70-4EE8-B4B2-C30BFB3BD29F}.Debug|Any CPU.Build.0 = Debug|Any CPU
		{40A01CA2-8D70-4EE8-B4B2-C30BFB3BD29F}.Release|Any CPU.ActiveCfg = Release|Any CPU
		{40A01CA2-8D70-4EE8-B4B2-C30BFB3BD29F}.Release|Any CPU.Build.0 = Release|Any CPU
		{66E44767-86CF-4239-8B91-97006BFED959}.Debug|Any CPU.ActiveCfg = Debug|Any CPU
		{66E44767-86CF-4239-8B91-97006BFED959}.Debug|Any CPU.Build.0 = Debug|Any CPU
		{66E44767-86CF-4239-8B91-97006BFED959}.Release|Any CPU.ActiveCfg = Release|Any CPU
		{66E44767-86CF-4239-8B91-97006BFED959}.Release|Any CPU.Build.0 = Release|Any CPU
		{237190EC-6BCD-434F-B78D-A8F8262E8A3F}.Debug|Any CPU.ActiveCfg = Debug|Any CPU
		{237190EC-6BCD-434F-B78D-A8F8262E8A3F}.Debug|Any CPU.Build.0 = Debug|Any CPU
		{237190EC-6BCD-434F-B78D-A8F8262E8A3F}.Release|Any CPU.ActiveCfg = Release|Any CPU
		{237190EC-6BCD-434F-B78D-A8F8262E8A3F}.Release|Any CPU.Build.0 = Release|Any CPU
		{E49D2128-61C0-4D34-9734-D668668EABD0}.Debug|Any CPU.ActiveCfg = Debug|Any CPU
		{E49D2128-61C0-4D34-9734-D668668EABD0}.Debug|Any CPU.Build.0 = Debug|Any CPU
		{E49D2128-61C0-4D34-9734-D668668EABD0}.Release|Any CPU.ActiveCfg = Release|Any CPU
		{E49D2128-61C0-4D34-9734-D668668EABD0}.Release|Any CPU.Build.0 = Release|Any CPU
		{E90B1048-E84E-413E-87F1-476ACA7F8823}.Debug|Any CPU.ActiveCfg = Debug|Any CPU
		{E90B1048-E84E-413E-87F1-476ACA7F8823}.Debug|Any CPU.Build.0 = Debug|Any CPU
		{E90B1048-E84E-413E-87F1-476ACA7F8823}.Release|Any CPU.ActiveCfg = Release|Any CPU
		{E90B1048-E84E-413E-87F1-476ACA7F8823}.Release|Any CPU.Build.0 = Release|Any CPU
		{737522E6-5D20-442C-B45A-DB2298E7C4F8}.Debug|Any CPU.ActiveCfg = Debug|Any CPU
		{737522E6-5D20-442C-B45A-DB2298E7C4F8}.Debug|Any CPU.Build.0 = Debug|Any CPU
		{737522E6-5D20-442C-B45A-DB2298E7C4F8}.Release|Any CPU.ActiveCfg = Release|Any CPU
		{737522E6-5D20-442C-B45A-DB2298E7C4F8}.Release|Any CPU.Build.0 = Release|Any CPU
		{09909B00-F301-47C1-A41B-24449C449AFD}.Debug|Any CPU.ActiveCfg = Debug|Any CPU
		{09909B00-F301-47C1-A41B-24449C449AFD}.Debug|Any CPU.Build.0 = Debug|Any CPU
		{09909B00-F301-47C1-A41B-24449C449AFD}.Release|Any CPU.ActiveCfg = Release|Any CPU
		{09909B00-F301-47C1-A41B-24449C449AFD}.Release|Any CPU.Build.0 = Release|Any CPU
		{1B029358-3E67-4D53-8507-1D099F057BA2}.Debug|Any CPU.ActiveCfg = Debug|Any CPU
		{1B029358-3E67-4D53-8507-1D099F057BA2}.Debug|Any CPU.Build.0 = Debug|Any CPU
		{1B029358-3E67-4D53-8507-1D099F057BA2}.Release|Any CPU.ActiveCfg = Release|Any CPU
		{1B029358-3E67-4D53-8507-1D099F057BA2}.Release|Any CPU.Build.0 = Release|Any CPU
		{B8177584-DE10-437A-ACE5-F5925A2CF0EE}.Debug|Any CPU.ActiveCfg = Debug|Any CPU
		{B8177584-DE10-437A-ACE5-F5925A2CF0EE}.Debug|Any CPU.Build.0 = Debug|Any CPU
		{B8177584-DE10-437A-ACE5-F5925A2CF0EE}.Release|Any CPU.ActiveCfg = Release|Any CPU
		{B8177584-DE10-437A-ACE5-F5925A2CF0EE}.Release|Any CPU.Build.0 = Release|Any CPU
		{CADD6A73-76F5-4075-A896-F854CED99E47}.Debug|Any CPU.ActiveCfg = Debug|Any CPU
		{CADD6A73-76F5-4075-A896-F854CED99E47}.Debug|Any CPU.Build.0 = Debug|Any CPU
		{CADD6A73-76F5-4075-A896-F854CED99E47}.Release|Any CPU.ActiveCfg = Release|Any CPU
		{CADD6A73-76F5-4075-A896-F854CED99E47}.Release|Any CPU.Build.0 = Release|Any CPU
		{EF9AAD72-0410-44D4-BA42-79D5D7D57C8F}.Debug|Any CPU.ActiveCfg = Debug|Any CPU
		{EF9AAD72-0410-44D4-BA42-79D5D7D57C8F}.Debug|Any CPU.Build.0 = Debug|Any CPU
		{EF9AAD72-0410-44D4-BA42-79D5D7D57C8F}.Release|Any CPU.ActiveCfg = Release|Any CPU
		{EF9AAD72-0410-44D4-BA42-79D5D7D57C8F}.Release|Any CPU.Build.0 = Release|Any CPU
		{02BE477B-ABAE-4F0D-9450-0811D99605DE}.Debug|Any CPU.ActiveCfg = Debug|Any CPU
		{02BE477B-ABAE-4F0D-9450-0811D99605DE}.Debug|Any CPU.Build.0 = Debug|Any CPU
		{02BE477B-ABAE-4F0D-9450-0811D99605DE}.Release|Any CPU.ActiveCfg = Release|Any CPU
		{02BE477B-ABAE-4F0D-9450-0811D99605DE}.Release|Any CPU.Build.0 = Release|Any CPU
		{B443D3D5-B210-4A0E-8E59-AE77539D495A}.Debug|Any CPU.ActiveCfg = Debug|Any CPU
		{B443D3D5-B210-4A0E-8E59-AE77539D495A}.Debug|Any CPU.Build.0 = Debug|Any CPU
		{B443D3D5-B210-4A0E-8E59-AE77539D495A}.Release|Any CPU.ActiveCfg = Release|Any CPU
		{B443D3D5-B210-4A0E-8E59-AE77539D495A}.Release|Any CPU.Build.0 = Release|Any CPU
		{55B59BE9-C7FD-4C08-8EC8-4E744923EE40}.Debug|Any CPU.ActiveCfg = Debug|Any CPU
		{55B59BE9-C7FD-4C08-8EC8-4E744923EE40}.Debug|Any CPU.Build.0 = Debug|Any CPU
		{55B59BE9-C7FD-4C08-8EC8-4E744923EE40}.Release|Any CPU.ActiveCfg = Release|Any CPU
		{55B59BE9-C7FD-4C08-8EC8-4E744923EE40}.Release|Any CPU.Build.0 = Release|Any CPU
		{9244ACE7-8BE5-426D-A25F-171906157EAC}.Debug|Any CPU.ActiveCfg = Debug|Any CPU
		{9244ACE7-8BE5-426D-A25F-171906157EAC}.Debug|Any CPU.Build.0 = Debug|Any CPU
		{9244ACE7-8BE5-426D-A25F-171906157EAC}.Release|Any CPU.ActiveCfg = Release|Any CPU
		{9244ACE7-8BE5-426D-A25F-171906157EAC}.Release|Any CPU.Build.0 = Release|Any CPU
		{683BBC9E-09AC-4850-8D3B-85C3E6771A44}.Debug|Any CPU.ActiveCfg = Debug|Any CPU
		{683BBC9E-09AC-4850-8D3B-85C3E6771A44}.Debug|Any CPU.Build.0 = Debug|Any CPU
		{683BBC9E-09AC-4850-8D3B-85C3E6771A44}.Release|Any CPU.ActiveCfg = Release|Any CPU
		{683BBC9E-09AC-4850-8D3B-85C3E6771A44}.Release|Any CPU.Build.0 = Release|Any CPU
		{A3526A62-E759-4C55-866D-372AB2CF4CAC}.Debug|Any CPU.ActiveCfg = Debug|Any CPU
		{A3526A62-E759-4C55-866D-372AB2CF4CAC}.Debug|Any CPU.Build.0 = Debug|Any CPU
		{A3526A62-E759-4C55-866D-372AB2CF4CAC}.Release|Any CPU.ActiveCfg = Release|Any CPU
		{A3526A62-E759-4C55-866D-372AB2CF4CAC}.Release|Any CPU.Build.0 = Release|Any CPU
		{B06D20C2-F2DD-4297-AF44-0FC1FB035556}.Debug|Any CPU.ActiveCfg = Debug|Any CPU
		{B06D20C2-F2DD-4297-AF44-0FC1FB035556}.Debug|Any CPU.Build.0 = Debug|Any CPU
		{B06D20C2-F2DD-4297-AF44-0FC1FB035556}.Release|Any CPU.ActiveCfg = Release|Any CPU
		{B06D20C2-F2DD-4297-AF44-0FC1FB035556}.Release|Any CPU.Build.0 = Release|Any CPU
		{B36DA831-6A53-4735-BC6A-704EFA0870EB}.Debug|Any CPU.ActiveCfg = Debug|Any CPU
		{B36DA831-6A53-4735-BC6A-704EFA0870EB}.Debug|Any CPU.Build.0 = Debug|Any CPU
		{B36DA831-6A53-4735-BC6A-704EFA0870EB}.Release|Any CPU.ActiveCfg = Release|Any CPU
		{B36DA831-6A53-4735-BC6A-704EFA0870EB}.Release|Any CPU.Build.0 = Release|Any CPU
	EndGlobalSection
EndGlobal
