
Microsoft Visual Studio Solution File, Format Version 12.00
Project("{2150E333-8FDC-42A3-9474-1A3956D46DE8}") = "Auth", "Auth", "{65A44FEE-B844-411B-A335-9296825682D4}"
EndProject
Project("{FAE04EC0-301F-11D3-BF4B-00C04F79EFBC}") = "IdentityProvider", "src\Identity\IdentityProvider\IdentityProvider.csproj", "{6BC36141-3CCE-4F12-A7DE-B1294BA39CD8}"
EndProject
Project("{2150E333-8FDC-42A3-9474-1A3956D46DE8}") = "Solution Items", "Solution Items", "{92351B50-355F-4063-9927-6B9BBE97C9E0}"
	ProjectSection(SolutionItems) = preProject
		docker-compose.yml = docker-compose.yml
	EndProjectSection
EndProject
Project("{FAE04EC0-301F-11D3-BF4B-00C04F79EFBC}") = "IdentityProvider.Infrastructure", "src\Identity\IdentityProvider.Infrastructure\IdentityProvider.Infrastructure.csproj", "{735505EF-AE6B-4F87-89DF-3EBD5C5AB07F}"
EndProject
Project("{2150E333-8FDC-42A3-9474-1A3956D46DE8}") = "Shared", "Shared", "{0EBE1F96-F6A9-4BEC-AFF5-EE6B7B4B3DEE}"
EndProject
Project("{2150E333-8FDC-42A3-9474-1A3956D46DE8}") = "Shared.Infrastructure", "src\Shared\Shared.Infrastructure", "{A893F441-D8E5-4AF1-ADEA-56C5FBC521BD}"
EndProject
Project("{2150E333-8FDC-42A3-9474-1A3956D46DE8}") = "Shared.Application", "src\Shared\Shared.Application", "{0B4C2991-61C7-4089-9F17-AEFCF7F9D898}"
EndProject
Project("{FAE04EC0-301F-11D3-BF4B-00C04F79EFBC}") = "Shared.Swashbuckle", "src\Shared\Shared.Swashbuckle\Shared.Swashbuckle.csproj", "{237190EC-6BCD-434F-B78D-A8F8262E8A3F}"
EndProject
Project("{FAE04EC0-301F-11D3-BF4B-00C04F79EFBC}") = "IdentityProvider.Domain", "src\Identity\IdentityProvider.Domain\IdentityProvider.Domain.csproj", "{E90B1048-E84E-413E-87F1-476ACA7F8823}"
EndProject
Project("{2150E333-8FDC-42A3-9474-1A3956D46DE8}") = "Gateway", "src\Gateway", "{41EC9A14-126E-4989-8880-5B4CE46FAB13}"
EndProject
Project("{FAE04EC0-301F-11D3-BF4B-00C04F79EFBC}") = "Gateway.Presentation", "src\Gateway\Gateway.Presentation\Gateway.Presentation.csproj", "{737522E6-5D20-442C-B45A-DB2298E7C4F8}"
EndProject
Project("{2150E333-8FDC-42A3-9474-1A3956D46DE8}") = "Esm", "src\Esm", "{22015F34-2832-4360-90CF-7F9AA4592FDA}"
EndProject
Project("{FAE04EC0-301F-11D3-BF4B-00C04F79EFBC}") = "Esm.Domain", "src\Esm\Esm.Domain\Esm.Domain.csproj", "{09909B00-F301-47C1-A41B-24449C449AFD}"
EndProject
Project("{FAE04EC0-301F-11D3-BF4B-00C04F79EFBC}") = "Esm.Infrastructure", "src\Esm\Esm.Infrastructure\Esm.Infrastructure.csproj", "{1B029358-3E67-4D53-8507-1D099F057BA2}"
EndProject
Project("{FAE04EC0-301F-11D3-BF4B-00C04F79EFBC}") = "Esm.Presentation", "src\Esm\Esm.Presentation\Esm.Presentation.csproj", "{CADD6A73-76F5-4075-A896-F854CED99E47}"
EndProject
Project("{2150E333-8FDC-42A3-9474-1A3956D46DE8}") = "Oidc", "src\Oidc", "{124983F4-CE8E-46AB-BE6D-A425D2022AF7}"
EndProject
Project("{FAE04EC0-301F-11D3-BF4B-00C04F79EFBC}") = "Oidc.Presentation", "src\Oidc\Oidc.Presentation\Oidc.Presentation.csproj", "{EF9AAD72-0410-44D4-BA42-79D5D7D57C8F}"
EndProject
Project("{FAE04EC0-301F-11D3-BF4B-00C04F79EFBC}") = "Oidc.Infrastructure", "src\Oidc\Oidc.Infrastructure\Oidc.Infrastructure.csproj", "{02BE477B-ABAE-4F0D-9450-0811D99605DE}"
EndProject
Project("{FAE04EC0-301F-11D3-BF4B-00C04F79EFBC}") = "Shared.Application.Localization", "src\Shared\Shared.Application.Localization\Shared.Application.Localization.csproj", "{B443D3D5-B210-4A0E-8E59-AE77539D495A}"
EndProject
Project("{2150E333-8FDC-42A3-9474-1A3956D46DE8}") = "Home", "src\Home", "{2BB1F401-32E0-4A68-B86B-A165E2954C24}"
EndProject
Project("{FAE04EC0-301F-11D3-BF4B-00C04F79EFBC}") = "Home.Presentation", "src\Home\Home.Presentation\Home.Presentation.csproj", "{55B59BE9-C7FD-4C08-8EC8-4E744923EE40}"
EndProject
Project("{FAE04EC0-301F-11D3-BF4B-00C04F79EFBC}") = "Shared.Application.Configuration", "src\Shared\Shared.Application.Configuration\Shared.Application.Configuration.csproj", "{9244ACE7-8BE5-426D-A25F-171906157EAC}"
EndProject
Project("{FAE04EC0-301F-11D3-BF4B-00C04F79EFBC}") = "IdentityProvider.Application", "src\Identity\IdentityProvider.Application\IdentityProvider.Application.csproj", "{683BBC9E-09AC-4850-8D3B-85C3E6771A44}"
EndProject
Project("{FAE04EC0-301F-11D3-BF4B-00C04F79EFBC}") = "Oidc.Domain", "src\Oidc\Oidc.Domain\Oidc.Domain.csproj", "{A3526A62-E759-4C55-866D-372AB2CF4CAC}"
EndProject
Project("{FAE04EC0-301F-11D3-BF4B-00C04F79EFBC}") = "Shared.Authentication", "src\Shared\Shared.Authentication\Shared.Authentication.csproj", "{B36DA831-6A53-4735-BC6A-704EFA0870EB}"
EndProject
Project("{FAE04EC0-301F-11D3-BF4B-00C04F79EFBC}") = "Oidc.Application", "src\Oidc\Oidc.Application\Oidc.Application.csproj", "{C02823F5-B77B-4BBB-A675-0AA6DF0E6EDA}"
EndProject
Project("{FAE04EC0-301F-11D3-BF4B-00C04F79EFBC}") = "Home.Application", "src\Home\Home.Application\Home.Application.csproj", "{77A7298D-BB08-463D-B9D6-1B95E7B1A920}"
EndProject
Project("{FAE04EC0-301F-11D3-BF4B-00C04F79EFBC}") = "Shared.Infrastructure.Email", "src\Shared\Shared.Infrastructure.Email\Shared.Infrastructure.Email.csproj", "{4780CE14-C5B2-4887-8044-A48D96C33701}"
EndProject
EndProject
Project("{2150E333-8FDC-42A3-9474-1A3956D46DE8}") = "Jarvis", "src\Jarvis", "{CD7B98C7-1F6B-4E1F-AE8C-88EAA171C964}"
EndProject
Project("{FAE04EC0-301F-11D3-BF4B-00C04F79EFBC}") = "Jarvis.Presentation", "src\Jarvis\Jarvis.Presentation\Jarvis.Presentation.csproj", "{B330CD7D-12AE-40A8-940E-88F1DB290B60}"
EndProject
Project("{FAE04EC0-301F-11D3-BF4B-00C04F79EFBC}") = "Jarvis.Application", "src\Jarvis\Jarvis.Application\Jarvis.Application.csproj", "{2601E680-F961-4E90-9036-A73D48BC5637}"
EndProject
Project("{FAE04EC0-301F-11D3-BF4B-00C04F79EFBC}") = "Jarvis.Infrastructure", "src\Jarvis\Jarvis.Infrastructure\Jarvis.Infrastructure.csproj", "{41F6F56B-E00F-4152-8028-B7534D04C6D5}"
EndProject
Project("{FAE04EC0-301F-11D3-BF4B-00C04F79EFBC}") = "Jarvis.Domain", "src\Jarvis\Jarvis.Domain\Jarvis.Domain.csproj", "{590F7D93-BEEB-411D-94FF-57C9CDEA3CB6}"
EndProject
Project("{FAE04EC0-301F-11D3-BF4B-00C04F79EFBC}") = "Jarvis.Ui", "src\Jarvis\Jarvis.Ui\Jarvis.Ui.csproj", "{81E13BD3-B36E-48EB-B1F3-47A6E7E6A520}"
EndProject
Project("{2150E333-8FDC-42A3-9474-1A3956D46DE8}") = "Friday", "src\Friday", "{7CAAC616-441D-4D1C-B0D1-DD5E164DCC12}"
EndProject
Project("{FAE04EC0-301F-11D3-BF4B-00C04F79EFBC}") = "Friday.Presentation", "src\Friday\Friday.Presentation\Friday.Presentation.csproj", "{8222EB22-8F9A-47F6-81BF-2EBB933293F5}"
EndProject
Project("{FAE04EC0-301F-11D3-BF4B-00C04F79EFBC}") = "Friday.Infrastructure", "src\Friday\Friday.Infrastructure\Friday.Infrastructure.csproj", "{264641F3-8073-4411-A26C-5F0821DC7C3A}"
EndProject
Project("{FAE04EC0-301F-11D3-BF4B-00C04F79EFBC}") = "Friday.Application", "src\Friday\Friday.Application\Friday.Application.csproj", "{C2B859E0-8D80-4781-8E4B-2ADA12CB7A0D}"
EndProject
Project("{FAE04EC0-301F-11D3-BF4B-00C04F79EFBC}") = "Jarvis.Common", "src\Jarvis\Jarvis.Common\Jarvis.Common.csproj", "{BE87FF1F-D872-4311-A3A0-8842666C43D2}"
EndProject
Project("{2150E333-8FDC-42A3-9474-1A3956D46DE8}") = "Pince", "Pince", "{86624B74-E860-4C02-B0B9-D83055AE629D}"
EndProject
Project("{FAE04EC0-301F-11D3-BF4B-00C04F79EFBC}") = "Pince", "src\Pince\Pince\Pince.csproj", "{DAC8120D-E9BC-4822-95E7-7D0BD8A96986}"
EndProject
Global
	GlobalSection(SolutionConfigurationPlatforms) = preSolution
		Debug|Any CPU = Debug|Any CPU
		Release|Any CPU = Release|Any CPU
	EndGlobalSection
	GlobalSection(NestedProjects) = preSolution
		{6BC36141-3CCE-4F12-A7DE-B1294BA39CD8} = {65A44FEE-B844-411B-A335-9296825682D4}
		{735505EF-AE6B-4F87-89DF-3EBD5C5AB07F} = {65A44FEE-B844-411B-A335-9296825682D4}
		{A893F441-D8E5-4AF1-ADEA-56C5FBC521BD} = {0EBE1F96-F6A9-4BEC-AFF5-EE6B7B4B3DEE}
		{0B4C2991-61C7-4089-9F17-AEFCF7F9D898} = {0EBE1F96-F6A9-4BEC-AFF5-EE6B7B4B3DEE}
		{237190EC-6BCD-434F-B78D-A8F8262E8A3F} = {0EBE1F96-F6A9-4BEC-AFF5-EE6B7B4B3DEE}
		{E90B1048-E84E-413E-87F1-476ACA7F8823} = {65A44FEE-B844-411B-A335-9296825682D4}
		{737522E6-5D20-442C-B45A-DB2298E7C4F8} = {41EC9A14-126E-4989-8880-5B4CE46FAB13}
		{09909B00-F301-47C1-A41B-24449C449AFD} = {22015F34-2832-4360-90CF-7F9AA4592FDA}
		{1B029358-3E67-4D53-8507-1D099F057BA2} = {22015F34-2832-4360-90CF-7F9AA4592FDA}
		{CADD6A73-76F5-4075-A896-F854CED99E47} = {22015F34-2832-4360-90CF-7F9AA4592FDA}
		{EF9AAD72-0410-44D4-BA42-79D5D7D57C8F} = {124983F4-CE8E-46AB-BE6D-A425D2022AF7}
		{02BE477B-ABAE-4F0D-9450-0811D99605DE} = {124983F4-CE8E-46AB-BE6D-A425D2022AF7}
		{B443D3D5-B210-4A0E-8E59-AE77539D495A} = {0B4C2991-61C7-4089-9F17-AEFCF7F9D898}
		{55B59BE9-C7FD-4C08-8EC8-4E744923EE40} = {2BB1F401-32E0-4A68-B86B-A165E2954C24}
		{9244ACE7-8BE5-426D-A25F-171906157EAC} = {0B4C2991-61C7-4089-9F17-AEFCF7F9D898}
		{683BBC9E-09AC-4850-8D3B-85C3E6771A44} = {65A44FEE-B844-411B-A335-9296825682D4}
		{A3526A62-E759-4C55-866D-372AB2CF4CAC} = {124983F4-CE8E-46AB-BE6D-A425D2022AF7}
		{B36DA831-6A53-4735-BC6A-704EFA0870EB} = {0EBE1F96-F6A9-4BEC-AFF5-EE6B7B4B3DEE}
		{C02823F5-B77B-4BBB-A675-0AA6DF0E6EDA} = {124983F4-CE8E-46AB-BE6D-A425D2022AF7}
		{77A7298D-BB08-463D-B9D6-1B95E7B1A920} = {2BB1F401-32E0-4A68-B86B-A165E2954C24}
		{4780CE14-C5B2-4887-8044-A48D96C33701} = {A893F441-D8E5-4AF1-ADEA-56C5FBC521BD}
		{B330CD7D-12AE-40A8-940E-88F1DB290B60} = {CD7B98C7-1F6B-4E1F-AE8C-88EAA171C964}
		{2601E680-F961-4E90-9036-A73D48BC5637} = {CD7B98C7-1F6B-4E1F-AE8C-88EAA171C964}
		{41F6F56B-E00F-4152-8028-B7534D04C6D5} = {CD7B98C7-1F6B-4E1F-AE8C-88EAA171C964}
		{590F7D93-BEEB-411D-94FF-57C9CDEA3CB6} = {CD7B98C7-1F6B-4E1F-AE8C-88EAA171C964}
		{81E13BD3-B36E-48EB-B1F3-47A6E7E6A520} = {CD7B98C7-1F6B-4E1F-AE8C-88EAA171C964}
		{8222EB22-8F9A-47F6-81BF-2EBB933293F5} = {7CAAC616-441D-4D1C-B0D1-DD5E164DCC12}
		{264641F3-8073-4411-A26C-5F0821DC7C3A} = {7CAAC616-441D-4D1C-B0D1-DD5E164DCC12}
		{C2B859E0-8D80-4781-8E4B-2ADA12CB7A0D} = {7CAAC616-441D-4D1C-B0D1-DD5E164DCC12}
		{BE87FF1F-D872-4311-A3A0-8842666C43D2} = {CD7B98C7-1F6B-4E1F-AE8C-88EAA171C964}
		{DAC8120D-E9BC-4822-95E7-7D0BD8A96986} = {86624B74-E860-4C02-B0B9-D83055AE629D}
	EndGlobalSection
	GlobalSection(ProjectConfigurationPlatforms) = postSolution
		{6BC36141-3CCE-4F12-A7DE-B1294BA39CD8}.Debug|Any CPU.ActiveCfg = Debug|Any CPU
		{6BC36141-3CCE-4F12-A7DE-B1294BA39CD8}.Debug|Any CPU.Build.0 = Debug|Any CPU
		{6BC36141-3CCE-4F12-A7DE-B1294BA39CD8}.Release|Any CPU.ActiveCfg = Release|Any CPU
		{6BC36141-3CCE-4F12-A7DE-B1294BA39CD8}.Release|Any CPU.Build.0 = Release|Any CPU
		{735505EF-AE6B-4F87-89DF-3EBD5C5AB07F}.Debug|Any CPU.ActiveCfg = Debug|Any CPU
		{735505EF-AE6B-4F87-89DF-3EBD5C5AB07F}.Debug|Any CPU.Build.0 = Debug|Any CPU
		{735505EF-AE6B-4F87-89DF-3EBD5C5AB07F}.Release|Any CPU.ActiveCfg = Release|Any CPU
		{735505EF-AE6B-4F87-89DF-3EBD5C5AB07F}.Release|Any CPU.Build.0 = Release|Any CPU
		{237190EC-6BCD-434F-B78D-A8F8262E8A3F}.Debug|Any CPU.ActiveCfg = Debug|Any CPU
		{237190EC-6BCD-434F-B78D-A8F8262E8A3F}.Debug|Any CPU.Build.0 = Debug|Any CPU
		{237190EC-6BCD-434F-B78D-A8F8262E8A3F}.Release|Any CPU.ActiveCfg = Release|Any CPU
		{237190EC-6BCD-434F-B78D-A8F8262E8A3F}.Release|Any CPU.Build.0 = Release|Any CPU
		{E90B1048-E84E-413E-87F1-476ACA7F8823}.Debug|Any CPU.ActiveCfg = Debug|Any CPU
		{E90B1048-E84E-413E-87F1-476ACA7F8823}.Debug|Any CPU.Build.0 = Debug|Any CPU
		{E90B1048-E84E-413E-87F1-476ACA7F8823}.Release|Any CPU.ActiveCfg = Release|Any CPU
		{E90B1048-E84E-413E-87F1-476ACA7F8823}.Release|Any CPU.Build.0 = Release|Any CPU
		{737522E6-5D20-442C-B45A-DB2298E7C4F8}.Debug|Any CPU.ActiveCfg = Debug|Any CPU
		{737522E6-5D20-442C-B45A-DB2298E7C4F8}.Debug|Any CPU.Build.0 = Debug|Any CPU
		{737522E6-5D20-442C-B45A-DB2298E7C4F8}.Release|Any CPU.ActiveCfg = Release|Any CPU
		{737522E6-5D20-442C-B45A-DB2298E7C4F8}.Release|Any CPU.Build.0 = Release|Any CPU
		{09909B00-F301-47C1-A41B-24449C449AFD}.Debug|Any CPU.ActiveCfg = Debug|Any CPU
		{09909B00-F301-47C1-A41B-24449C449AFD}.Debug|Any CPU.Build.0 = Debug|Any CPU
		{09909B00-F301-47C1-A41B-24449C449AFD}.Release|Any CPU.ActiveCfg = Release|Any CPU
		{09909B00-F301-47C1-A41B-24449C449AFD}.Release|Any CPU.Build.0 = Release|Any CPU
		{1B029358-3E67-4D53-8507-1D099F057BA2}.Debug|Any CPU.ActiveCfg = Debug|Any CPU
		{1B029358-3E67-4D53-8507-1D099F057BA2}.Debug|Any CPU.Build.0 = Debug|Any CPU
		{1B029358-3E67-4D53-8507-1D099F057BA2}.Release|Any CPU.ActiveCfg = Release|Any CPU
		{1B029358-3E67-4D53-8507-1D099F057BA2}.Release|Any CPU.Build.0 = Release|Any CPU
		{CADD6A73-76F5-4075-A896-F854CED99E47}.Debug|Any CPU.ActiveCfg = Debug|Any CPU
		{CADD6A73-76F5-4075-A896-F854CED99E47}.Debug|Any CPU.Build.0 = Debug|Any CPU
		{CADD6A73-76F5-4075-A896-F854CED99E47}.Release|Any CPU.ActiveCfg = Release|Any CPU
		{CADD6A73-76F5-4075-A896-F854CED99E47}.Release|Any CPU.Build.0 = Release|Any CPU
		{EF9AAD72-0410-44D4-BA42-79D5D7D57C8F}.Debug|Any CPU.ActiveCfg = Debug|Any CPU
		{EF9AAD72-0410-44D4-BA42-79D5D7D57C8F}.Debug|Any CPU.Build.0 = Debug|Any CPU
		{EF9AAD72-0410-44D4-BA42-79D5D7D57C8F}.Release|Any CPU.ActiveCfg = Release|Any CPU
		{EF9AAD72-0410-44D4-BA42-79D5D7D57C8F}.Release|Any CPU.Build.0 = Release|Any CPU
		{02BE477B-ABAE-4F0D-9450-0811D99605DE}.Debug|Any CPU.ActiveCfg = Debug|Any CPU
		{02BE477B-ABAE-4F0D-9450-0811D99605DE}.Debug|Any CPU.Build.0 = Debug|Any CPU
		{02BE477B-ABAE-4F0D-9450-0811D99605DE}.Release|Any CPU.ActiveCfg = Release|Any CPU
		{02BE477B-ABAE-4F0D-9450-0811D99605DE}.Release|Any CPU.Build.0 = Release|Any CPU
		{B443D3D5-B210-4A0E-8E59-AE77539D495A}.Debug|Any CPU.ActiveCfg = Debug|Any CPU
		{B443D3D5-B210-4A0E-8E59-AE77539D495A}.Debug|Any CPU.Build.0 = Debug|Any CPU
		{B443D3D5-B210-4A0E-8E59-AE77539D495A}.Release|Any CPU.ActiveCfg = Release|Any CPU
		{B443D3D5-B210-4A0E-8E59-AE77539D495A}.Release|Any CPU.Build.0 = Release|Any CPU
		{55B59BE9-C7FD-4C08-8EC8-4E744923EE40}.Debug|Any CPU.ActiveCfg = Debug|Any CPU
		{55B59BE9-C7FD-4C08-8EC8-4E744923EE40}.Debug|Any CPU.Build.0 = Debug|Any CPU
		{55B59BE9-C7FD-4C08-8EC8-4E744923EE40}.Release|Any CPU.ActiveCfg = Release|Any CPU
		{55B59BE9-C7FD-4C08-8EC8-4E744923EE40}.Release|Any CPU.Build.0 = Release|Any CPU
		{9244ACE7-8BE5-426D-A25F-171906157EAC}.Debug|Any CPU.ActiveCfg = Debug|Any CPU
		{9244ACE7-8BE5-426D-A25F-171906157EAC}.Debug|Any CPU.Build.0 = Debug|Any CPU
		{9244ACE7-8BE5-426D-A25F-171906157EAC}.Release|Any CPU.ActiveCfg = Release|Any CPU
		{9244ACE7-8BE5-426D-A25F-171906157EAC}.Release|Any CPU.Build.0 = Release|Any CPU
		{683BBC9E-09AC-4850-8D3B-85C3E6771A44}.Debug|Any CPU.ActiveCfg = Debug|Any CPU
		{683BBC9E-09AC-4850-8D3B-85C3E6771A44}.Debug|Any CPU.Build.0 = Debug|Any CPU
		{683BBC9E-09AC-4850-8D3B-85C3E6771A44}.Release|Any CPU.ActiveCfg = Release|Any CPU
		{683BBC9E-09AC-4850-8D3B-85C3E6771A44}.Release|Any CPU.Build.0 = Release|Any CPU
		{A3526A62-E759-4C55-866D-372AB2CF4CAC}.Debug|Any CPU.ActiveCfg = Debug|Any CPU
		{A3526A62-E759-4C55-866D-372AB2CF4CAC}.Debug|Any CPU.Build.0 = Debug|Any CPU
		{A3526A62-E759-4C55-866D-372AB2CF4CAC}.Release|Any CPU.ActiveCfg = Release|Any CPU
		{A3526A62-E759-4C55-866D-372AB2CF4CAC}.Release|Any CPU.Build.0 = Release|Any CPU
		{B36DA831-6A53-4735-BC6A-704EFA0870EB}.Debug|Any CPU.ActiveCfg = Debug|Any CPU
		{B36DA831-6A53-4735-BC6A-704EFA0870EB}.Debug|Any CPU.Build.0 = Debug|Any CPU
		{B36DA831-6A53-4735-BC6A-704EFA0870EB}.Release|Any CPU.ActiveCfg = Release|Any CPU
		{B36DA831-6A53-4735-BC6A-704EFA0870EB}.Release|Any CPU.Build.0 = Release|Any CPU
		{C02823F5-B77B-4BBB-A675-0AA6DF0E6EDA}.Debug|Any CPU.ActiveCfg = Debug|Any CPU
		{C02823F5-B77B-4BBB-A675-0AA6DF0E6EDA}.Debug|Any CPU.Build.0 = Debug|Any CPU
		{C02823F5-B77B-4BBB-A675-0AA6DF0E6EDA}.Release|Any CPU.ActiveCfg = Release|Any CPU
		{C02823F5-B77B-4BBB-A675-0AA6DF0E6EDA}.Release|Any CPU.Build.0 = Release|Any CPU
		{77A7298D-BB08-463D-B9D6-1B95E7B1A920}.Debug|Any CPU.ActiveCfg = Debug|Any CPU
		{77A7298D-BB08-463D-B9D6-1B95E7B1A920}.Debug|Any CPU.Build.0 = Debug|Any CPU
		{77A7298D-BB08-463D-B9D6-1B95E7B1A920}.Release|Any CPU.ActiveCfg = Release|Any CPU
		{77A7298D-BB08-463D-B9D6-1B95E7B1A920}.Release|Any CPU.Build.0 = Release|Any CPU
		{4780CE14-C5B2-4887-8044-A48D96C33701}.Debug|Any CPU.ActiveCfg = Debug|Any CPU
		{4780CE14-C5B2-4887-8044-A48D96C33701}.Debug|Any CPU.Build.0 = Debug|Any CPU
		{4780CE14-C5B2-4887-8044-A48D96C33701}.Release|Any CPU.ActiveCfg = Release|Any CPU
		{4780CE14-C5B2-4887-8044-A48D96C33701}.Release|Any CPU.Build.0 = Release|Any CPU
		{B330CD7D-12AE-40A8-940E-88F1DB290B60}.Debug|Any CPU.ActiveCfg = Debug|Any CPU
		{B330CD7D-12AE-40A8-940E-88F1DB290B60}.Debug|Any CPU.Build.0 = Debug|Any CPU
		{B330CD7D-12AE-40A8-940E-88F1DB290B60}.Release|Any CPU.ActiveCfg = Release|Any CPU
		{B330CD7D-12AE-40A8-940E-88F1DB290B60}.Release|Any CPU.Build.0 = Release|Any CPU
		{2601E680-F961-4E90-9036-A73D48BC5637}.Debug|Any CPU.ActiveCfg = Debug|Any CPU
		{2601E680-F961-4E90-9036-A73D48BC5637}.Debug|Any CPU.Build.0 = Debug|Any CPU
		{2601E680-F961-4E90-9036-A73D48BC5637}.Release|Any CPU.ActiveCfg = Release|Any CPU
		{2601E680-F961-4E90-9036-A73D48BC5637}.Release|Any CPU.Build.0 = Release|Any CPU
		{41F6F56B-E00F-4152-8028-B7534D04C6D5}.Debug|Any CPU.ActiveCfg = Debug|Any CPU
		{41F6F56B-E00F-4152-8028-B7534D04C6D5}.Debug|Any CPU.Build.0 = Debug|Any CPU
		{41F6F56B-E00F-4152-8028-B7534D04C6D5}.Release|Any CPU.ActiveCfg = Release|Any CPU
		{41F6F56B-E00F-4152-8028-B7534D04C6D5}.Release|Any CPU.Build.0 = Release|Any CPU
		{590F7D93-BEEB-411D-94FF-57C9CDEA3CB6}.Debug|Any CPU.ActiveCfg = Debug|Any CPU
		{590F7D93-BEEB-411D-94FF-57C9CDEA3CB6}.Debug|Any CPU.Build.0 = Debug|Any CPU
		{590F7D93-BEEB-411D-94FF-57C9CDEA3CB6}.Release|Any CPU.ActiveCfg = Release|Any CPU
		{590F7D93-BEEB-411D-94FF-57C9CDEA3CB6}.Release|Any CPU.Build.0 = Release|Any CPU
		{81E13BD3-B36E-48EB-B1F3-47A6E7E6A520}.Debug|Any CPU.ActiveCfg = Debug|Any CPU
		{81E13BD3-B36E-48EB-B1F3-47A6E7E6A520}.Debug|Any CPU.Build.0 = Debug|Any CPU
		{81E13BD3-B36E-48EB-B1F3-47A6E7E6A520}.Release|Any CPU.ActiveCfg = Release|Any CPU
		{81E13BD3-B36E-48EB-B1F3-47A6E7E6A520}.Release|Any CPU.Build.0 = Release|Any CPU
		{8222EB22-8F9A-47F6-81BF-2EBB933293F5}.Debug|Any CPU.ActiveCfg = Debug|Any CPU
		{8222EB22-8F9A-47F6-81BF-2EBB933293F5}.Debug|Any CPU.Build.0 = Debug|Any CPU
		{8222EB22-8F9A-47F6-81BF-2EBB933293F5}.Release|Any CPU.ActiveCfg = Release|Any CPU
		{8222EB22-8F9A-47F6-81BF-2EBB933293F5}.Release|Any CPU.Build.0 = Release|Any CPU
		{264641F3-8073-4411-A26C-5F0821DC7C3A}.Debug|Any CPU.ActiveCfg = Debug|Any CPU
		{264641F3-8073-4411-A26C-5F0821DC7C3A}.Debug|Any CPU.Build.0 = Debug|Any CPU
		{264641F3-8073-4411-A26C-5F0821DC7C3A}.Release|Any CPU.ActiveCfg = Release|Any CPU
		{264641F3-8073-4411-A26C-5F0821DC7C3A}.Release|Any CPU.Build.0 = Release|Any CPU
		{C2B859E0-8D80-4781-8E4B-2ADA12CB7A0D}.Debug|Any CPU.ActiveCfg = Debug|Any CPU
		{C2B859E0-8D80-4781-8E4B-2ADA12CB7A0D}.Debug|Any CPU.Build.0 = Debug|Any CPU
		{C2B859E0-8D80-4781-8E4B-2ADA12CB7A0D}.Release|Any CPU.ActiveCfg = Release|Any CPU
		{C2B859E0-8D80-4781-8E4B-2ADA12CB7A0D}.Release|Any CPU.Build.0 = Release|Any CPU
		{BE87FF1F-D872-4311-A3A0-8842666C43D2}.Debug|Any CPU.ActiveCfg = Debug|Any CPU
		{BE87FF1F-D872-4311-A3A0-8842666C43D2}.Debug|Any CPU.Build.0 = Debug|Any CPU
		{BE87FF1F-D872-4311-A3A0-8842666C43D2}.Release|Any CPU.ActiveCfg = Release|Any CPU
		{BE87FF1F-D872-4311-A3A0-8842666C43D2}.Release|Any CPU.Build.0 = Release|Any CPU
		{DAC8120D-E9BC-4822-95E7-7D0BD8A96986}.Debug|Any CPU.ActiveCfg = Debug|Any CPU
		{DAC8120D-E9BC-4822-95E7-7D0BD8A96986}.Debug|Any CPU.Build.0 = Debug|Any CPU
		{DAC8120D-E9BC-4822-95E7-7D0BD8A96986}.Release|Any CPU.ActiveCfg = Release|Any CPU
		{DAC8120D-E9BC-4822-95E7-7D0BD8A96986}.Release|Any CPU.Build.0 = Release|Any CPU
	EndGlobalSection
EndGlobal
